// !$*UTF8*$!
{
	archiveVersion = 1;
	classes = {
	};
	objectVersion = 50;
	objects = {

/* Begin PBXBuildFile section */
		DF97C37723FC300800A91CED /* AppDelegate.swift in Sources */ = {isa = PBXBuildFile; fileRef = DF97C37623FC300800A91CED /* AppDelegate.swift */; };
		DF97C37923FC300800A91CED /* SceneDelegate.swift in Sources */ = {isa = PBXBuildFile; fileRef = DF97C37823FC300800A91CED /* SceneDelegate.swift */; };
		DF97C37B23FC300800A91CED /* ViewController.swift in Sources */ = {isa = PBXBuildFile; fileRef = DF97C37A23FC300800A91CED /* ViewController.swift */; };
		DF97C37E23FC300800A91CED /* Main.storyboard in Resources */ = {isa = PBXBuildFile; fileRef = DF97C37C23FC300800A91CED /* Main.storyboard */; };
		DF97C38023FC300D00A91CED /* Assets.xcassets in Resources */ = {isa = PBXBuildFile; fileRef = DF97C37F23FC300D00A91CED /* Assets.xcassets */; };
		DF97C38323FC300D00A91CED /* LaunchScreen.storyboard in Resources */ = {isa = PBXBuildFile; fileRef = DF97C38123FC300D00A91CED /* LaunchScreen.storyboard */; };
		DF97C38B23FC6D4A00A91CED /* WeatherInfoViewController.swift in Sources */ = {isa = PBXBuildFile; fileRef = DF97C38A23FC6D4A00A91CED /* WeatherInfoViewController.swift */; };
/* End PBXBuildFile section */

/* Begin PBXFileReference section */
		DF97C37323FC300800A91CED /* OpenWeatherNemke.app */ = {isa = PBXFileReference; explicitFileType = wrapper.application; includeInIndex = 0; path = OpenWeatherNemke.app; sourceTree = BUILT_PRODUCTS_DIR; };
		DF97C37623FC300800A91CED /* AppDelegate.swift */ = {isa = PBXFileReference; lastKnownFileType = sourcecode.swift; path = AppDelegate.swift; sourceTree = "<group>"; };
		DF97C37823FC300800A91CED /* SceneDelegate.swift */ = {isa = PBXFileReference; lastKnownFileType = sourcecode.swift; path = SceneDelegate.swift; sourceTree = "<group>"; };
		DF97C37A23FC300800A91CED /* ViewController.swift */ = {isa = PBXFileReference; lastKnownFileType = sourcecode.swift; path = ViewController.swift; sourceTree = "<group>"; };
		DF97C37D23FC300800A91CED /* Base */ = {isa = PBXFileReference; lastKnownFileType = file.storyboard; name = Base; path = Base.lproj/Main.storyboard; sourceTree = "<group>"; };
		DF97C37F23FC300D00A91CED /* Assets.xcassets */ = {isa = PBXFileReference; lastKnownFileType = folder.assetcatalog; path = Assets.xcassets; sourceTree = "<group>"; };
		DF97C38223FC300D00A91CED /* Base */ = {isa = PBXFileReference; lastKnownFileType = file.storyboard; name = Base; path = Base.lproj/LaunchScreen.storyboard; sourceTree = "<group>"; };
		DF97C38423FC300D00A91CED /* Info.plist */ = {isa = PBXFileReference; lastKnownFileType = text.plist.xml; path = Info.plist; sourceTree = "<group>"; };
		DF97C38A23FC6D4A00A91CED /* WeatherInfoViewController.swift */ = {isa = PBXFileReference; lastKnownFileType = sourcecode.swift; path = WeatherInfoViewController.swift; sourceTree = "<group>"; };
/* End PBXFileReference section */

/* Begin PBXFrameworksBuildPhase section */
		DF97C37023FC300800A91CED /* Frameworks */ = {
			isa = PBXFrameworksBuildPhase;
			buildActionMask = 2147483647;
			files = (
			);
			runOnlyForDeploymentPostprocessing = 0;
		};
/* End PBXFrameworksBuildPhase section */

/* Begin PBXGroup section */
		DF97C36A23FC300800A91CED = {
			isa = PBXGroup;
			children = (
				DF97C37523FC300800A91CED /* OpenWeatherNemke */,
				DF97C37423FC300800A91CED /* Products */,
			);
			sourceTree = "<group>";
		};
		DF97C37423FC300800A91CED /* Products */ = {
			isa = PBXGroup;
			children = (
				DF97C37323FC300800A91CED /* OpenWeatherNemke.app */,
			);
			name = Products;
			sourceTree = "<group>";
		};
		DF97C37523FC300800A91CED /* OpenWeatherNemke */ = {
			isa = PBXGroup;
			children = (
				DF97C37623FC300800A91CED /* AppDelegate.swift */,
				DF97C37823FC300800A91CED /* SceneDelegate.swift */,
				DF97C37A23FC300800A91CED /* ViewController.swift */,
				DF97C37C23FC300800A91CED /* Main.storyboard */,
				DF97C38A23FC6D4A00A91CED /* WeatherInfoViewController.swift */,
				DF97C37F23FC300D00A91CED /* Assets.xcassets */,
				DF97C38123FC300D00A91CED /* LaunchScreen.storyboard */,
				DF97C38423FC300D00A91CED /* Info.plist */,
			);
			path = OpenWeatherNemke;
			sourceTree = "<group>";
		};
/* End PBXGroup section */

/* Begin PBXNativeTarget section */
		DF97C37223FC300800A91CED /* OpenWeatherNemke */ = {
			isa = PBXNativeTarget;
			buildConfigurationList = DF97C38723FC300D00A91CED /* Build configuration list for PBXNativeTarget "OpenWeatherNemke" */;
			buildPhases = (
				DF97C36F23FC300800A91CED /* Sources */,
				DF97C37023FC300800A91CED /* Frameworks */,
				DF97C37123FC300800A91CED /* Resources */,
			);
			buildRules = (
			);
			dependencies = (
			);
			name = OpenWeatherNemke;
			productName = OpenWeatherNemke;
			productReference = DF97C37323FC300800A91CED /* OpenWeatherNemke.app */;
			productType = "com.apple.product-type.application";
		};
/* End PBXNativeTarget section */

/* Begin PBXProject section */
		DF97C36B23FC300800A91CED /* Project object */ = {
			isa = PBXProject;
			attributes = {
				LastSwiftUpdateCheck = 1120;
				LastUpgradeCheck = 1220;
				ORGANIZATIONNAME = "Nemanja Petrovic";
				TargetAttributes = {
					DF97C37223FC300800A91CED = {
						CreatedOnToolsVersion = 11.2.1;
					};
				};
			};
			buildConfigurationList = DF97C36E23FC300800A91CED /* Build configuration list for PBXProject "OpenWeatherNemke" */;
			compatibilityVersion = "Xcode 9.3";
			developmentRegion = en;
			hasScannedForEncodings = 0;
			knownRegions = (
				en,
				Base,
			);
			mainGroup = DF97C36A23FC300800A91CED;
			productRefGroup = DF97C37423FC300800A91CED /* Products */;
			projectDirPath = "";
			projectRoot = "";
			targets = (
				DF97C37223FC300800A91CED /* OpenWeatherNemke */,
			);
		};
/* End PBXProject section */

/* Begin PBXResourcesBuildPhase section */
		DF97C37123FC300800A91CED /* Resources */ = {
			isa = PBXResourcesBuildPhase;
			buildActionMask = 2147483647;
			files = (
				DF97C38323FC300D00A91CED /* LaunchScreen.storyboard in Resources */,
				DF97C38023FC300D00A91CED /* Assets.xcassets in Resources */,
				DF97C37E23FC300800A91CED /* Main.storyboard in Resources */,
			);
			runOnlyForDeploymentPostprocessing = 0;
		};
/* End PBXResourcesBuildPhase section */

/* Begin PBXSourcesBuildPhase section */
		DF97C36F23FC300800A91CED /* Sources */ = {
			isa = PBXSourcesBuildPhase;
			buildActionMask = 2147483647;
			files = (
				DF97C37B23FC300800A91CED /* ViewController.swift in Sources */,
				DF97C38B23FC6D4A00A91CED /* WeatherInfoViewController.swift in Sources */,
				DF97C37723FC300800A91CED /* AppDelegate.swift in Sources */,
				DF97C37923FC300800A91CED /* SceneDelegate.swift in Sources */,
			);
			runOnlyForDeploymentPostprocessing = 0;
		};
/* End PBXSourcesBuildPhase section */

/* Begin PBXVariantGroup section */
		DF97C37C23FC300800A91CED /* Main.storyboard */ = {
			isa = PBXVariantGroup;
			children = (
				DF97C37D23FC300800A91CED /* Base */,
			);
			name = Main.storyboard;
			sourceTree = "<group>";
		};
		DF97C38123FC300D00A91CED /* LaunchScreen.storyboard */ = {
			isa = PBXVariantGroup;
			children = (
				DF97C38223FC300D00A91CED /* Base */,
			);
			name = LaunchScreen.storyboard;
			sourceTree = "<group>";
		};
/* End PBXVariantGroup section */

/* Begin XCBuildConfiguration section */
		DF97C38523FC300D00A91CED /* Debug */ = {
			isa = XCBuildConfiguration;
			buildSettings = {
				ALWAYS_SEARCH_USER_PATHS = NO;
				CLANG_ANALYZER_NONNULL = YES;
				CLANG_ANALYZER_NUMBER_OBJECT_CONVERSION = YES_AGGRESSIVE;
				CLANG_CXX_LANGUAGE_STANDARD = "gnu++14";
				CLANG_CXX_LIBRARY = "libc++";
				CLANG_ENABLE_MODULES = YES;
				CLANG_ENABLE_OBJC_ARC = YES;
				CLANG_ENABLE_OBJC_WEAK = YES;
				CLANG_WARN_BLOCK_CAPTURE_AUTORELEASING = YES;
				CLANG_WARN_BOOL_CONVERSION = YES;
				CLANG_WARN_COMMA = YES;
				CLANG_WARN_CONSTANT_CONVERSION = YES;
				CLANG_WARN_DEPRECATED_OBJC_IMPLEMENTATIONS = YES;
				CLANG_WARN_DIRECT_OBJC_ISA_USAGE = YES_ERROR;
				CLANG_WARN_DOCUMENTATION_COMMENTS = YES;
				CLANG_WARN_EMPTY_BODY = YES;
				CLANG_WARN_ENUM_CONVERSION = YES;
				CLANG_WARN_INFINITE_RECURSION = YES;
				CLANG_WARN_INT_CONVERSION = YES;
				CLANG_WARN_NON_LITERAL_NULL_CONVERSION = YES;
				CLANG_WARN_OBJC_IMPLICIT_RETAIN_SELF = YES;
				CLANG_WARN_OBJC_LITERAL_CONVERSION = YES;
				CLANG_WARN_OBJC_ROOT_CLASS = YES_ERROR;
				CLANG_WARN_QUOTED_INCLUDE_IN_FRAMEWORK_HEADER = YES;
				CLANG_WARN_RANGE_LOOP_ANALYSIS = YES;
				CLANG_WARN_STRICT_PROTOTYPES = YES;
				CLANG_WARN_SUSPICIOUS_MOVE = YES;
				CLANG_WARN_UNGUARDED_AVAILABILITY = YES_AGGRESSIVE;
				CLANG_WARN_UNREACHABLE_CODE = YES;
				CLANG_WARN__DUPLICATE_METHOD_MATCH = YES;
				COPY_PHASE_STRIP = NO;
				DEBUG_INFORMATION_FORMAT = dwarf;
				ENABLE_STRICT_OBJC_MSGSEND = YES;
				ENABLE_TESTABILITY = YES;
				GCC_C_LANGUAGE_STANDARD = gnu11;
				GCC_DYNAMIC_NO_PIC = NO;
				GCC_NO_COMMON_BLOCKS = YES;
				GCC_OPTIMIZATION_LEVEL = 0;
				GCC_PREPROCESSOR_DEFINITIONS = (
					"DEBUG=1",
					"$(inherited)",
				);
				GCC_WARN_64_TO_32_BIT_CONVERSION = YES;
				GCC_WARN_ABOUT_RETURN_TYPE = YES_ERROR;
				GCC_WARN_UNDECLARED_SELECTOR = YES;
				GCC_WARN_UNINITIALIZED_AUTOS = YES_AGGRESSIVE;
				GCC_WARN_UNUSED_FUNCTION = YES;
				GCC_WARN_UNUSED_VARIABLE = YES;
				IPHONEOS_DEPLOYMENT_TARGET = 13.2;
				MTL_ENABLE_DEBUG_INFO = INCLUDE_SOURCE;
				MTL_FAST_MATH = YES;
				ONLY_ACTIVE_ARCH = YES;
				SDKROOT = iphoneos;
				SWIFT_ACTIVE_COMPILATION_CONDITIONS = DEBUG;
				SWIFT_OPTIMIZATION_LEVEL = "-Onone";
			};
			name = Debug;
		};
		DF97C38623FC300D00A91CED /* Release */ = {
			isa = XCBuildConfiguration;
			buildSettings = {
				ALWAYS_SEARCH_USER_PATHS = NO;
				CLANG_ANALYZER_NONNULL = YES;
				CLANG_ANALYZER_NUMBER_OBJECT_CONVERSION = YES_AGGRESSIVE;
				CLANG_CXX_LANGUAGE_STANDARD = "gnu++14";
				CLANG_CXX_LIBRARY = "libc++";
				CLANG_ENABLE_MODULES = YES;
				CLANG_ENABLE_OBJC_ARC = YES;
				CLANG_ENABLE_OBJC_WEAK = YES;
				CLANG_WARN_BLOCK_CAPTURE_AUTORELEASING = YES;
				CLANG_WARN_BOOL_CONVERSION = YES;
				CLANG_WARN_COMMA = YES;
				CLANG_WARN_CONSTANT_CONVERSION = YES;
				CLANG_WARN_DEPRECATED_OBJC_IMPLEMENTATIONS = YES;
				CLANG_WARN_DIRECT_OBJC_ISA_USAGE = YES_ERROR;
				CLANG_WARN_DOCUMENTATION_COMMENTS = YES;
				CLANG_WARN_EMPTY_BODY = YES;
				CLANG_WARN_ENUM_CONVERSION = YES;
				CLANG_WARN_INFINITE_RECURSION = YES;
				CLANG_WARN_INT_CONVERSION = YES;
				CLANG_WARN_NON_LITERAL_NULL_CONVERSION = YES;
				CLANG_WARN_OBJC_IMPLICIT_RETAIN_SELF = YES;
				CLANG_WARN_OBJC_LITERAL_CONVERSION = YES;
				CLANG_WARN_OBJC_ROOT_CLASS = YES_ERROR;
				CLANG_WARN_QUOTED_INCLUDE_IN_FRAMEWORK_HEADER = YES;
				CLANG_WARN_RANGE_LOOP_ANALYSIS = YES;
				CLANG_WARN_STRICT_PROTOTYPES = YES;
				CLANG_WARN_SUSPICIOUS_MOVE = YES;
				CLANG_WARN_UNGUARDED_AVAILABILITY = YES_AGGRESSIVE;
				CLANG_WARN_UNREACHABLE_CODE = YES;
				CLANG_WARN__DUPLICATE_METHOD_MATCH = YES;
				COPY_PHASE_STRIP = NO;
				DEBUG_INFORMATION_FORMAT = "dwarf-with-dsym";
				ENABLE_NS_ASSERTIONS = NO;
				ENABLE_STRICT_OBJC_MSGSEND = YES;
				GCC_C_LANGUAGE_STANDARD = gnu11;
				GCC_NO_COMMON_BLOCKS = YES;
				GCC_WARN_64_TO_32_BIT_CONVERSION = YES;
				GCC_WARN_ABOUT_RETURN_TYPE = YES_ERROR;
				GCC_WARN_UNDECLARED_SELECTOR = YES;
				GCC_WARN_UNINITIALIZED_AUTOS = YES_AGGRESSIVE;
				GCC_WARN_UNUSED_FUNCTION = YES;
				GCC_WARN_UNUSED_VARIABLE = YES;
				IPHONEOS_DEPLOYMENT_TARGET = 13.2;
				MTL_ENABLE_DEBUG_INFO = NO;
				MTL_FAST_MATH = YES;
				SDKROOT = iphoneos;
				SWIFT_COMPILATION_MODE = wholemodule;
				SWIFT_OPTIMIZATION_LEVEL = "-O";
				VALIDATE_PRODUCT = YES;
			};
			name = Release;
		};
		DF97C38823FC300D00A91CED /* Debug */ = {
			isa = XCBuildConfiguration;
			buildSettings = {
				ASSETCATALOG_COMPILER_APPICON_NAME = AppIcon;
				CODE_SIGN_STYLE = Automatic;
				DEVELOPMENT_TEAM = PG994VZ565;
				INFOPLIST_FILE = OpenWeatherNemke/Info.plist;
				LD_RUNPATH_SEARCH_PATHS = (
					"$(inherited)",
					"@executable_path/Frameworks",
				);
				PRODUCT_BUNDLE_IDENTIFIER = com.nemkepetrovic.OpenWeatherNemke;
				PRODUCT_NAME = "$(TARGET_NAME)";
				SWIFT_VERSION = 5.0;
				TARGETED_DEVICE_FAMILY = "1,2";
			};
			name = Debug;
		};
		DF97C38923FC300D00A91CED /* Release */ = {
			isa = XCBuildConfiguration;
			buildSettings = {
				ASSETCATALOG_COMPILER_APPICON_NAME = AppIcon;
				CODE_SIGN_STYLE = Automatic;
				DEVELOPMENT_TEAM = PG994VZ565;
				INFOPLIST_FILE = OpenWeatherNemke/Info.plist;
				LD_RUNPATH_SEARCH_PATHS = (
					"$(inherited)",
					"@executable_path/Frameworks",
				);
				PRODUCT_BUNDLE_IDENTIFIER = com.nemkepetrovic.OpenWeatherNemke;
				PRODUCT_NAME = "$(TARGET_NAME)";
				SWIFT_VERSION = 5.0;
				TARGETED_DEVICE_FAMILY = "1,2";
			};
			name = Release;
		};
/* End XCBuildConfiguration section */

/* Begin XCConfigurationList section */
		DF97C36E23FC300800A91CED /* Build configuration list for PBXProject "OpenWeatherNemke" */ = {
			isa = XCConfigurationList;
			buildConfigurations = (
				DF97C38523FC300D00A91CED /* Debug */,
				DF97C38623FC300D00A91CED /* Release */,
			);
			defaultConfigurationIsVisible = 0;
			defaultConfigurationName = Release;
		};
		DF97C38723FC300D00A91CED /* Build configuration list for PBXNativeTarget "OpenWeatherNemke" */ = {
			isa = XCConfigurationList;
			buildConfigurations = (
				DF97C38823FC300D00A91CED /* Debug */,
				DF97C38923FC300D00A91CED /* Release */,
			);
			defaultConfigurationIsVisible = 0;
			defaultConfigurationName = Release;
		};
/* End XCConfigurationList section */
	};
	rootObject = DF97C36B23FC300800A91CED /* Project object */;
}
